
Microsoft Visual Studio Solution File, Format Version 12.00
# Visual Studio 15
VisualStudioVersion = 15.0.35431.46
MinimumVisualStudioVersion = 10.0.40219.1
Project("{FAE04EC0-301F-11D3-BF4B-00C04F79EFBC}") = "SecureContainer", "SecureContainer\SecureContainer.csproj", "{651033A5-C191-41A0-A10C-D850E5AEB408}"
EndProject
Global
	GlobalSection(SolutionConfigurationPlatforms) = preSolution
		Debug|Any CPU = Debug|Any CPU
		Release|Any CPU = Release|Any CPU
	EndGlobalSection
	GlobalSection(ProjectConfigurationPlatforms) = postSolution
		{651033A5-C191-41A0-A10C-D850E5AEB408}.Debug|Any CPU.ActiveCfg = Debug|Any CPU
		{651033A5-C191-41A0-A10C-D850E5AEB408}.Debug|Any CPU.Build.0 = Debug|Any CPU
		{651033A5-C191-41A0-A10C-D850E5AEB408}.Release|Any CPU.ActiveCfg = Release|Any CPU
		{651033A5-C191-41A0-A10C-D850E5AEB408}.Release|Any CPU.Build.0 = Release|Any CPU
	EndGlobalSection
	GlobalSection(SolutionProperties) = preSolution
		HideSolutionNode = FALSE
	EndGlobalSection
	GlobalSection(ExtensibilityGlobals) = postSolution
		SolutionGuid = {B70355B0-C527-4807-BE3A-BBE1C06B5119}
	EndGlobalSection
EndGlobal
